{
  "name": "@rochimeiji/inputcurrency",
  "version": "1.0.0",
  "lockfileVersion": 1,
  "requires": true,
  "dependencies": {
    "autonumeric": {
      "version": "4.5.13",
      "resolved": "https://registry.npmjs.org/autonumeric/-/autonumeric-4.5.13.tgz",
      "integrity": "sha512-GHpM0cGWTzFVDQyOgpXlNoqe8fDn6minpGEauLgDnGb4k24WmF8GInLnhIGWoJXisHZuWmTeKqFcIBnf5c2DaA=="
    }
  }
}
